github.com/davecgh/go-spew v1.1.1/go.mod h1:J7Y8YcW2NihsgmVo/mv3lAwl/skON4iLHjSsI+c5H38=
github.com/hashicorp/go-cleanhttp v0.5.0 h1:wvCrVc9TjDls6+YGAF2hAifE1E5U1+b4tH6KdvN3Gig=
github.com/hashicorp/go-cleanhttp v0.5.0/go.mod h1:JpRdi6/HCYpAwUzNwuwqhbovhLtngrth3wmdIIUrZ80=
github.com/hashicorp/go-cleanhttp v0.5.1 h1:dH3aiDG9Jvb5r5+bYHsikaOUIpcM0xvgMXVoDkXMzJM=
github.com/hashicorp/go-cleanhttp v0.5.1/go.mod h1:JpRdi6/HCYpAwUzNwuwqhbovhLtngrth3wmdIIUrZ80=
github.com/hashicorp/go-hclog v0.9.2 h1:CG6TE5H9/JXsFWJCfoIVpKFIkFe6ysEuHirp4DxCsHI=
github.com/hashicorp/go-hclog v0.9.2/go.mod h1:5CU+agLiy3J7N7QjHK5d05KxGsuXiQLrjA0H7acj2lQ=
github.com/hashicorp/go-retryablehttp v0.6.0 h1:uuJM3gyY2D+1naT0kkGVZRQLf3AaXcyuxYY1hYSkqDs=
github.com/hashicorp/go-retryablehttp v0.6.0/go.mod h1:EM1UNuajSSS84RdcM8GK0q0UIPtYqPHVLu9oE2Wm8FY=
github.com/hashicorp/go-retryablehttp v0.6.1 h1:5dOQrOxWmFhsgQ5IZa+j2bwM3UMYkl1eU1k1bDaiOHI=
github.com/hashicorp/go-retryablehttp v0.6.1/go.mod h1:gEx6HMUGxYYhJScX7W1Il64m6cc2C1mDaW3NQ9sY1FY=
github.com/hashicorp/go-retryablehttp v0.6.4 h1:BbgctKO892xEyOXnGiaAwIoSq1QZ/SS4AhjoAh9DnfY=
github.com/hashicorp/go-retryablehttp v0.6.4/go.mod h1:vAew36LZh98gCBJNLH42IQ1ER/9wtLZZ8meHqQvEYWY=
github.com/pmezard/go-difflib v1.0.0/go.mod h1:iKH77koFhYxTK1pcRnkKkqfTogsbg7gZNVY4sRDYZ/4=
github.com/stretchr/testify v1.2.2/go.mod h1:a8OnRcib4nhh0OaRAV+Yts87kKdq0PP7pXfy6kDkUVs=
golang.org/dl v0.0.0-20200109222520-8c015d2776df/go.mod h1:IUMfjQLJQd4UTqG1Z90tenwKoCX93Gn3MAQJMOSBsDQ=
